
Microsoft Visual Studio Solution File, Format Version 10.00
# Visual Studio 2008
Project("{FAE04EC0-301F-11D3-BF4B-00C04F79EFBC}") = "WebBase", "WebBase\WebBase.csproj", "{FC30A450-C08E-4984-84E1-21DAD61A8396}"
EndProject
Project("{FAE04EC0-301F-11D3-BF4B-00C04F79EFBC}") = "WebBase.Tests", "WebBase.Tests\WebBase.Tests.csproj", "{C6933CCA-8A20-4A1D-8AAE-7AF363F01046}"
EndProject
Global
	GlobalSection(SolutionConfigurationPlatforms) = preSolution
		Debug|Any CPU = Debug|Any CPU
		Release|Any CPU = Release|Any CPU
	EndGlobalSection
	GlobalSection(ProjectConfigurationPlatforms) = postSolution
		{FC30A450-C08E-4984-84E1-21DAD61A8396}.Debug|Any CPU.ActiveCfg = Debug|Any CPU
		{FC30A450-C08E-4984-84E1-21DAD61A8396}.Debug|Any CPU.Build.0 = Debug|Any CPU
		{FC30A450-C08E-4984-84E1-21DAD61A8396}.Release|Any CPU.ActiveCfg = Release|Any CPU
		{FC30A450-C08E-4984-84E1-21DAD61A8396}.Release|Any CPU.Build.0 = Release|Any CPU
		{C6933CCA-8A20-4A1D-8AAE-7AF363F01046}.Debug|Any CPU.ActiveCfg = Debug|Any CPU
		{C6933CCA-8A20-4A1D-8AAE-7AF363F01046}.Debug|Any CPU.Build.0 = Debug|Any CPU
		{C6933CCA-8A20-4A1D-8AAE-7AF363F01046}.Release|Any CPU.ActiveCfg = Release|Any CPU
		{C6933CCA-8A20-4A1D-8AAE-7AF363F01046}.Release|Any CPU.Build.0 = Release|Any CPU
	EndGlobalSection
	GlobalSection(SolutionProperties) = preSolution
		HideSolutionNode = FALSE
	EndGlobalSection
EndGlobal
